{
    "name": "likedislike",
    "version": "1.0.0",
    "lockfileVersion": 3,
    "requires": true,
    "packages": {
        "": {
            "name": "likedislike",
            "version": "1.0.0",
            "license": "UNLICENSED",
            "dependencies": {
                "@fortawesome/fontawesome-free": "^6.4.2",
                "bootstrap": "^5.3.1",
                "jquery": "^3.7.0",
                "jquery-ui-dist": "^1.13.2",
                "jquery-ui-themes": "^1.12.0",
                "tinymce": "^6.6.2"
            }
        },
        "node_modules/@fortawesome/fontawesome-free": {
            "version": "6.4.2",
            "resolved": "https://registry.npmjs.org/@fortawesome/fontawesome-free/-/fontawesome-free-6.4.2.tgz",
            "integrity": "sha512-m5cPn3e2+FDCOgi1mz0RexTUvvQibBebOUlUlW0+YrMjDTPkiJ6VTKukA1GRsvRw+12KyJndNjj0O4AgTxm2Pg==",
            "hasInstallScript": true,
            "engines": {
                "node": ">=6"
            }
        },
        "node_modules/@popperjs/core": {
            "version": "2.11.8",
            "resolved": "https://registry.npmjs.org/@popperjs/core/-/core-2.11.8.tgz",
            "integrity": "sha512-P1st0aksCrn9sGZhp8GMYwBnQsbvAWsZAX44oXNNvLHGqAOcoVxmjZiohstwQ7SqKnbR47akdNi+uleWD8+g6A==",
            "peer": true,
            "funding": {
                "type": "opencollective",
                "url": "https://opencollective.com/popperjs"
            }
        },
        "node_modules/bootstrap": {
            "version": "5.3.2",
            "resolved": "https://registry.npmjs.org/bootstrap/-/bootstrap-5.3.2.tgz",
            "integrity": "sha512-D32nmNWiQHo94BKHLmOrdjlL05q1c8oxbtBphQFb9Z5to6eGRDCm0QgeaZ4zFBHzfg2++rqa2JkqCcxDy0sH0g==",
            "funding": [
                {
                    "type": "github",
                    "url": "https://github.com/sponsors/twbs"
                },
                {
                    "type": "opencollective",
                    "url": "https://opencollective.com/bootstrap"
                }
            ],
            "peerDependencies": {
                "@popperjs/core": "^2.11.8"
            }
        },
        "node_modules/jquery": {
            "version": "3.7.1",
            "resolved": "https://registry.npmjs.org/jquery/-/jquery-3.7.1.tgz",
            "integrity": "sha512-m4avr8yL8kmFN8psrbFFFmB/If14iN5o9nw/NgnnM+kybDJpRsAynV2BsfpTYrTRysYUdADVD7CkUUizgkpLfg=="
        },
        "node_modules/jquery-ui-dist": {
            "version": "1.13.2",
            "resolved": "https://registry.npmjs.org/jquery-ui-dist/-/jquery-ui-dist-1.13.2.tgz",
            "integrity": "sha512-oVDRd1NLtTbBwpRKAYdIRgpWVDzeBhfy7Gu0RmY6JEaZtmBq6kDn1pm5SgDiAotrnDS+RoTRXO6xvcNTxA9tOA==",
            "dependencies": {
                "jquery": ">=1.8.0 <4.0.0"
            }
        },
        "node_modules/jquery-ui-themes": {
            "version": "1.12.0",
            "resolved": "https://registry.npmjs.org/jquery-ui-themes/-/jquery-ui-themes-1.12.0.tgz",
            "integrity": "sha512-3+GsDM7HifCXDn2s8i7LMGIG64yc+C+kl3DZc6FFT64kIsW4espXwY8MjZwesAaNTmDntQgUdLTOf/3DKg9RNg=="
        },
        "node_modules/tinymce": {
            "version": "6.7.0",
            "resolved": "https://registry.npmjs.org/tinymce/-/tinymce-6.7.0.tgz",
            "integrity": "sha512-Wf2RSobIXQ7XNw3/v4z1lPGiH3Pjsmc/6/7fG28aIS6uVWj/7IhvOPuwfJJDeOx0o0D3nSnoLHgR2KU8JAdE+w=="
        }
    }
}
